{
  "nodes": {
    "home-manager": {
      "inputs": {
        "nixpkgs": [
          "nixpkgs"
        ]
      },
      "locked": {
        "lastModified": 1739757849,
        "narHash": "sha256-Gs076ot1YuAAsYVcyidLKUMIc4ooOaRGO0PqTY7sBzA=",
        "owner": "nix-community",
        "repo": "home-manager",
        "rev": "9d3d080aec2a35e05a15cedd281c2384767c2cfe",
        "type": "github"
      },
      "original": {
        "owner": "nix-community",
        "ref": "release-24.11",
        "repo": "home-manager",
        "type": "github"
      }
    },
    "nixpkgs": {
      "locked": {
        "lastModified": 1740932899,
        "narHash": "sha256-F0qDu2egq18M3edJwEOAE+D+VQ+yESK6YWPRQBfOqq8=",
        "owner": "nixos",
        "repo": "nixpkgs",
        "rev": "1546c45c538633ae40b93e2d14e0bb6fd8f13347",
        "type": "github"
      },
      "original": {
        "owner": "nixos",
        "ref": "nixos-24.11",
        "repo": "nixpkgs",
        "type": "github"
      }
    },
    "nixpkgs-unstable": {
      "locked": {
        "lastModified": 1741010256,
        "narHash": "sha256-WZNlK/KX7Sni0RyqLSqLPbK8k08Kq7H7RijPJbq9KHM=",
        "owner": "nixos",
        "repo": "nixpkgs",
        "rev": "ba487dbc9d04e0634c64e3b1f0d25839a0a68246",
        "type": "github"
      },
      "original": {
        "owner": "nixos",
        "ref": "nixos-unstable",
        "repo": "nixpkgs",
        "type": "github"
      }
    },
    "nixpkgs_2": {
      "locked": {
        "lastModified": 1698318101,
        "narHash": "sha256-gUihHt3yPD7bVqg+k/UVHgngyaJ3DMEBchbymBMvK1E=",
        "path": "/nix/store/35dcag44a0ymww0vy0s4jjgxwpv9g62d-source",
        "rev": "63678e9f3d3afecfeafa0acead6239cdb447574c",
        "type": "path"
      },
      "original": {
        "id": "nixpkgs",
        "type": "indirect"
      }
    },
    "root": {
      "inputs": {
        "home-manager": "home-manager",
        "nixpkgs": "nixpkgs",
        "nixpkgs-unstable": "nixpkgs-unstable",
        "scientific-fhs": "scientific-fhs"
      }
    },
    "scientific-fhs": {
      "inputs": {
        "nixpkgs": "nixpkgs_2"
      },
      "locked": {
        "lastModified": 1730811492,
        "narHash": "sha256-B9h8HCJYiAdS4cS9hbxBNtmKxw8SpkuNaR5T3oNCiFk=",
        "owner": "manuelbb-upb",
        "repo": "scientific-fhs",
        "rev": "a8e1ca3946fda5bd8aacab6547d2a8135dd48706",
        "type": "github"
      },
      "original": {
        "owner": "manuelbb-upb",
        "repo": "scientific-fhs",
        "type": "github"
      }
    }
  },
  "root": "root",
  "version": 7
}
