{
  "nodes": {
    "home-manager": {
      "inputs": {
        "nixpkgs": [
          "nixpkgs"
        ]
      },
      "locked": {
        "lastModified": 1744117652,
        "narHash": "sha256-t7dFCDl4vIOOUMhEZnJF15aAzkpaup9x4ZRGToDFYWI=",
        "owner": "nix-community",
        "repo": "home-manager",
        "rev": "b4e98224ad1336751a2ac7493967a4c9f6d9cb3f",
        "type": "github"
      },
      "original": {
        "owner": "nix-community",
        "ref": "release-24.11",
        "repo": "home-manager",
        "type": "github"
      }
    },
    "nixpkgs": {
      "locked": {
        "lastModified": 1744168086,
        "narHash": "sha256-S9M4HddBCxbbX1CKSyDYgZ8NCVyHcbKnBfoUXeRu2jQ=",
        "owner": "nixos",
        "repo": "nixpkgs",
        "rev": "60e405b241edb6f0573f3d9f944617fe33ac4a73",
        "type": "github"
      },
      "original": {
        "owner": "nixos",
        "ref": "nixos-24.11",
        "repo": "nixpkgs",
        "type": "github"
      }
    },
    "nixpkgs-unstable": {
      "locked": {
        "lastModified": 1744098102,
        "narHash": "sha256-tzCdyIJj9AjysC3OuKA+tMD/kDEDAF9mICPDU7ix0JA=",
        "owner": "nixos",
        "repo": "nixpkgs",
        "rev": "c8cd81426f45942bb2906d5ed2fe21d2f19d95b7",
        "type": "github"
      },
      "original": {
        "owner": "nixos",
        "ref": "nixos-unstable",
        "repo": "nixpkgs",
        "type": "github"
      }
    },
    "nixpkgs_2": {
      "locked": {
        "lastModified": 1698318101,
        "narHash": "sha256-gUihHt3yPD7bVqg+k/UVHgngyaJ3DMEBchbymBMvK1E=",
        "path": "/nix/store/35dcag44a0ymww0vy0s4jjgxwpv9g62d-source",
        "rev": "63678e9f3d3afecfeafa0acead6239cdb447574c",
        "type": "path"
      },
      "original": {
        "id": "nixpkgs",
        "type": "indirect"
      }
    },
    "root": {
      "inputs": {
        "home-manager": "home-manager",
        "nixpkgs": "nixpkgs",
        "nixpkgs-unstable": "nixpkgs-unstable",
        "scientific-fhs": "scientific-fhs"
      }
    },
    "scientific-fhs": {
      "inputs": {
        "nixpkgs": "nixpkgs_2"
      },
      "locked": {
        "lastModified": 1743603093,
        "narHash": "sha256-RLXVuUPCN7fVuzRbTNeM+1YYc+357mMvaYGYyagKw9w=",
        "owner": "Vortriz",
        "repo": "scientific-fhs",
        "rev": "f7e1d2dbe0f191ef94f37b982da469b7369f4902",
        "type": "github"
      },
      "original": {
        "owner": "Vortriz",
        "repo": "scientific-fhs",
        "type": "github"
      }
    }
  },
  "root": "root",
  "version": 7
}
